
Microsoft Visual Studio Solution File, Format Version 12.00
# Visual Studio Version 17
VisualStudioVersion = 17.0.31903.59
MinimumVisualStudioVersion = 10.0.40219.1
Project("{2150E333-8FDC-42A3-9474-1A3956D46DE8}") = "src", "src", "{ACE2B883-70EA-4CC1-BC18-C1A1871508F6}"
EndProject
Project("{FAE04EC0-301F-11D3-BF4B-00C04F79EFBC}") = "DuSoleil.Domain", "src\DuSoleil.Domain\DuSoleil.Domain.csproj", "{08084DAB-2B58-411C-A78C-6E60DE493D99}"
EndProject
Project("{FAE04EC0-301F-11D3-BF4B-00C04F79EFBC}") = "DuSoleil.Infrastructure", "src\DuSoleil.Infrastructure\DuSoleil.Infrastructure.csproj", "{0BA89A41-2133-4663-9A42-84D09240D4CA}"
EndProject
Project("{FAE04EC0-301F-11D3-BF4B-00C04F79EFBC}") = "DuSoleil.Api", "src\DuSoleil.Api\DuSoleil.Api.csproj", "{3F12B525-A6BB-4F6E-97CE-26167DA9A89B}"
EndProject
Project("{FAE04EC0-301F-11D3-BF4B-00C04F79EFBC}") = "DuSoleil.Web", "src\DuSoleil.Web\DuSoleil.Web.csproj", "{9BACB5D2-DF91-4ACC-82FC-91BFF4C5B0BF}"
EndProject
Global
	GlobalSection(SolutionConfigurationPlatforms) = preSolution
		Debug|Any CPU = Debug|Any CPU
		Release|Any CPU = Release|Any CPU
	EndGlobalSection
	GlobalSection(SolutionProperties) = preSolution
		HideSolutionNode = FALSE
	EndGlobalSection
	GlobalSection(ProjectConfigurationPlatforms) = postSolution
		{08084DAB-2B58-411C-A78C-6E60DE493D99}.Debug|Any CPU.ActiveCfg = Debug|Any CPU
		{08084DAB-2B58-411C-A78C-6E60DE493D99}.Debug|Any CPU.Build.0 = Debug|Any CPU
		{08084DAB-2B58-411C-A78C-6E60DE493D99}.Release|Any CPU.ActiveCfg = Release|Any CPU
		{08084DAB-2B58-411C-A78C-6E60DE493D99}.Release|Any CPU.Build.0 = Release|Any CPU
		{0BA89A41-2133-4663-9A42-84D09240D4CA}.Debug|Any CPU.ActiveCfg = Debug|Any CPU
		{0BA89A41-2133-4663-9A42-84D09240D4CA}.Debug|Any CPU.Build.0 = Debug|Any CPU
		{0BA89A41-2133-4663-9A42-84D09240D4CA}.Release|Any CPU.ActiveCfg = Release|Any CPU
		{0BA89A41-2133-4663-9A42-84D09240D4CA}.Release|Any CPU.Build.0 = Release|Any CPU
		{3F12B525-A6BB-4F6E-97CE-26167DA9A89B}.Debug|Any CPU.ActiveCfg = Debug|Any CPU
		{3F12B525-A6BB-4F6E-97CE-26167DA9A89B}.Debug|Any CPU.Build.0 = Debug|Any CPU
		{3F12B525-A6BB-4F6E-97CE-26167DA9A89B}.Release|Any CPU.ActiveCfg = Release|Any CPU
		{3F12B525-A6BB-4F6E-97CE-26167DA9A89B}.Release|Any CPU.Build.0 = Release|Any CPU
		{9BACB5D2-DF91-4ACC-82FC-91BFF4C5B0BF}.Debug|Any CPU.ActiveCfg = Debug|Any CPU
		{9BACB5D2-DF91-4ACC-82FC-91BFF4C5B0BF}.Debug|Any CPU.Build.0 = Debug|Any CPU
		{9BACB5D2-DF91-4ACC-82FC-91BFF4C5B0BF}.Release|Any CPU.ActiveCfg = Release|Any CPU
		{9BACB5D2-DF91-4ACC-82FC-91BFF4C5B0BF}.Release|Any CPU.Build.0 = Release|Any CPU
	EndGlobalSection
	GlobalSection(NestedProjects) = preSolution
		{08084DAB-2B58-411C-A78C-6E60DE493D99} = {ACE2B883-70EA-4CC1-BC18-C1A1871508F6}
		{0BA89A41-2133-4663-9A42-84D09240D4CA} = {ACE2B883-70EA-4CC1-BC18-C1A1871508F6}
		{3F12B525-A6BB-4F6E-97CE-26167DA9A89B} = {ACE2B883-70EA-4CC1-BC18-C1A1871508F6}
		{9BACB5D2-DF91-4ACC-82FC-91BFF4C5B0BF} = {ACE2B883-70EA-4CC1-BC18-C1A1871508F6}
	EndGlobalSection
EndGlobal
